PODS:
  - BVOfflineMapManager (0.1.0)

DEPENDENCIES:
  - BVOfflineMapManager (from `../`)

EXTERNAL SOURCES:
  BVOfflineMapManager:
    :path: "../"

SPEC CHECKSUMS:
  BVOfflineMapManager: 1d0b915625c790781ee10f132af2697c5c2352de

PODFILE CHECKSUM: 805c51b0396ac0458594cf479a4fbfb20d6a9c99

COCOAPODS: 1.1.1
